// !$*UTF8*$!
{
	archiveVersion = 1;
	classes = {
	};
	objectVersion = 50;
	objects = {

/* Begin PBXBuildFile section */
		DF1AB524262F0FBC002A9028 /* GitHubClientApp.swift in Sources */ = {isa = PBXBuildFile; fileRef = DF1AB523262F0FBC002A9028 /* GitHubClientApp.swift */; };
		DF1AB528262F0FBF002A9028 /* Assets.xcassets in Resources */ = {isa = PBXBuildFile; fileRef = DF1AB527262F0FBF002A9028 /* Assets.xcassets */; };
		DF1AB52B262F0FBF002A9028 /* Preview Assets.xcassets in Resources */ = {isa = PBXBuildFile; fileRef = DF1AB52A262F0FBF002A9028 /* Preview Assets.xcassets */; };
		DF228A35262FF69A00C69CDC /* RepoListViewModelTests.swift in Sources */ = {isa = PBXBuildFile; fileRef = DF228A34262FF69A00C69CDC /* RepoListViewModelTests.swift */; };
		DF938EDB262FF242003642C7 /* User.swift in Sources */ = {isa = PBXBuildFile; fileRef = DF938ED9262FF242003642C7 /* User.swift */; };
		DF938EDC262FF242003642C7 /* Repo.swift in Sources */ = {isa = PBXBuildFile; fileRef = DF938EDA262FF242003642C7 /* Repo.swift */; };
		DF938EE5262FF304003642C7 /* User+mock.swift in Sources */ = {isa = PBXBuildFile; fileRef = DF938EE3262FF304003642C7 /* User+mock.swift */; };
		DF938EE6262FF304003642C7 /* Repo+mock.swift in Sources */ = {isa = PBXBuildFile; fileRef = DF938EE4262FF304003642C7 /* Repo+mock.swift */; };
		DF938EEC262FF30F003642C7 /* RepoRow.swift in Sources */ = {isa = PBXBuildFile; fileRef = DF938EE9262FF30F003642C7 /* RepoRow.swift */; };
		DF938EED262FF30F003642C7 /* RepoListView.swift in Sources */ = {isa = PBXBuildFile; fileRef = DF938EEA262FF30F003642C7 /* RepoListView.swift */; };
		DF938EEE262FF30F003642C7 /* RepoDetailView.swift in Sources */ = {isa = PBXBuildFile; fileRef = DF938EEB262FF30F003642C7 /* RepoDetailView.swift */; };
		DF938EF7262FF439003642C7 /* Stateful.swift in Sources */ = {isa = PBXBuildFile; fileRef = DF938EF6262FF439003642C7 /* Stateful.swift */; };
		DFDE10BA262FF55700E709EA /* RepoListViewModel.swift in Sources */ = {isa = PBXBuildFile; fileRef = DFDE10B9262FF55700E709EA /* RepoListViewModel.swift */; };
		DFDE10C2262FF56E00E709EA /* RepoAPIClient.swift in Sources */ = {isa = PBXBuildFile; fileRef = DFDE10C1262FF56E00E709EA /* RepoAPIClient.swift */; };
/* End PBXBuildFile section */

/* Begin PBXContainerItemProxy section */
		DF228A37262FF69A00C69CDC /* PBXContainerItemProxy */ = {
			isa = PBXContainerItemProxy;
			containerPortal = DF1AB518262F0FBC002A9028 /* Project object */;
			proxyType = 1;
			remoteGlobalIDString = DF1AB51F262F0FBC002A9028;
			remoteInfo = GitHubClient;
		};
/* End PBXContainerItemProxy section */

/* Begin PBXFileReference section */
		DF1AB520262F0FBC002A9028 /* GitHubClient.app */ = {isa = PBXFileReference; explicitFileType = wrapper.application; includeInIndex = 0; path = GitHubClient.app; sourceTree = BUILT_PRODUCTS_DIR; };
		DF1AB523262F0FBC002A9028 /* GitHubClientApp.swift */ = {isa = PBXFileReference; lastKnownFileType = sourcecode.swift; path = GitHubClientApp.swift; sourceTree = "<group>"; };
		DF1AB527262F0FBF002A9028 /* Assets.xcassets */ = {isa = PBXFileReference; lastKnownFileType = folder.assetcatalog; path = Assets.xcassets; sourceTree = "<group>"; };
		DF1AB52A262F0FBF002A9028 /* Preview Assets.xcassets */ = {isa = PBXFileReference; lastKnownFileType = folder.assetcatalog; path = "Preview Assets.xcassets"; sourceTree = "<group>"; };
		DF1AB52C262F0FBF002A9028 /* Info.plist */ = {isa = PBXFileReference; lastKnownFileType = text.plist.xml; path = Info.plist; sourceTree = "<group>"; };
		DF228A32262FF69A00C69CDC /* GitHubClientTests.xctest */ = {isa = PBXFileReference; explicitFileType = wrapper.cfbundle; includeInIndex = 0; path = GitHubClientTests.xctest; sourceTree = BUILT_PRODUCTS_DIR; };
		DF228A34262FF69A00C69CDC /* RepoListViewModelTests.swift */ = {isa = PBXFileReference; lastKnownFileType = sourcecode.swift; path = RepoListViewModelTests.swift; sourceTree = "<group>"; };
		DF228A36262FF69A00C69CDC /* Info.plist */ = {isa = PBXFileReference; lastKnownFileType = text.plist.xml; path = Info.plist; sourceTree = "<group>"; };
		DF938ED9262FF242003642C7 /* User.swift */ = {isa = PBXFileReference; fileEncoding = 4; lastKnownFileType = sourcecode.swift; path = User.swift; sourceTree = "<group>"; };
		DF938EDA262FF242003642C7 /* Repo.swift */ = {isa = PBXFileReference; fileEncoding = 4; lastKnownFileType = sourcecode.swift; path = Repo.swift; sourceTree = "<group>"; };
		DF938EE3262FF304003642C7 /* User+mock.swift */ = {isa = PBXFileReference; fileEncoding = 4; lastKnownFileType = sourcecode.swift; path = "User+mock.swift"; sourceTree = "<group>"; };
		DF938EE4262FF304003642C7 /* Repo+mock.swift */ = {isa = PBXFileReference; fileEncoding = 4; lastKnownFileType = sourcecode.swift; path = "Repo+mock.swift"; sourceTree = "<group>"; };
		DF938EE9262FF30F003642C7 /* RepoRow.swift */ = {isa = PBXFileReference; fileEncoding = 4; lastKnownFileType = sourcecode.swift; path = RepoRow.swift; sourceTree = "<group>"; };
		DF938EEA262FF30F003642C7 /* RepoListView.swift */ = {isa = PBXFileReference; fileEncoding = 4; lastKnownFileType = sourcecode.swift; path = RepoListView.swift; sourceTree = "<group>"; };
		DF938EEB262FF30F003642C7 /* RepoDetailView.swift */ = {isa = PBXFileReference; fileEncoding = 4; lastKnownFileType = sourcecode.swift; path = RepoDetailView.swift; sourceTree = "<group>"; };
		DF938EF6262FF439003642C7 /* Stateful.swift */ = {isa = PBXFileReference; fileEncoding = 4; lastKnownFileType = sourcecode.swift; path = Stateful.swift; sourceTree = "<group>"; };
		DFDE10B9262FF55700E709EA /* RepoListViewModel.swift */ = {isa = PBXFileReference; fileEncoding = 4; lastKnownFileType = sourcecode.swift; path = RepoListViewModel.swift; sourceTree = "<group>"; };
		DFDE10C1262FF56E00E709EA /* RepoAPIClient.swift */ = {isa = PBXFileReference; fileEncoding = 4; lastKnownFileType = sourcecode.swift; path = RepoAPIClient.swift; sourceTree = "<group>"; };
/* End PBXFileReference section */

/* Begin PBXFrameworksBuildPhase section */
		DF1AB51D262F0FBC002A9028 /* Frameworks */ = {
			isa = PBXFrameworksBuildPhase;
			buildActionMask = 2147483647;
			files = (
			);
			runOnlyForDeploymentPostprocessing = 0;
		};
		DF228A2F262FF69A00C69CDC /* Frameworks */ = {
			isa = PBXFrameworksBuildPhase;
			buildActionMask = 2147483647;
			files = (
			);
			runOnlyForDeploymentPostprocessing = 0;
		};
/* End PBXFrameworksBuildPhase section */

/* Begin PBXGroup section */
		DF1AB517262F0FBC002A9028 = {
			isa = PBXGroup;
			children = (
				DF1AB522262F0FBC002A9028 /* GitHubClient */,
				DF228A33262FF69A00C69CDC /* GitHubClientTests */,
				DF1AB521262F0FBC002A9028 /* Products */,
			);
			sourceTree = "<group>";
		};
		DF1AB521262F0FBC002A9028 /* Products */ = {
			isa = PBXGroup;
			children = (
				DF1AB520262F0FBC002A9028 /* GitHubClient.app */,
				DF228A32262FF69A00C69CDC /* GitHubClientTests.xctest */,
			);
			name = Products;
			sourceTree = "<group>";
		};
		DF1AB522262F0FBC002A9028 /* GitHubClient */ = {
			isa = PBXGroup;
			children = (
				DF1AB523262F0FBC002A9028 /* GitHubClientApp.swift */,
				DF1AB527262F0FBF002A9028 /* Assets.xcassets */,
				DF1AB52C262F0FBF002A9028 /* Info.plist */,
				DF938EE8262FF30F003642C7 /* Views */,
				DFDE10B8262FF55700E709EA /* ViewModels */,
				DF938ED8262FF242003642C7 /* Models */,
				DFDE10C0262FF56E00E709EA /* APIClients */,
				DF938EF5262FF439003642C7 /* Utilities */,
				DF1AB529262F0FBF002A9028 /* Preview Content */,
			);
			path = GitHubClient;
			sourceTree = "<group>";
		};
		DF1AB529262F0FBF002A9028 /* Preview Content */ = {
			isa = PBXGroup;
			children = (
				DF938EE2262FF304003642C7 /* Mocks */,
				DF1AB52A262F0FBF002A9028 /* Preview Assets.xcassets */,
			);
			path = "Preview Content";
			sourceTree = "<group>";
		};
		DF228A33262FF69A00C69CDC /* GitHubClientTests */ = {
			isa = PBXGroup;
			children = (
				DF228A34262FF69A00C69CDC /* RepoListViewModelTests.swift */,
				DF228A36262FF69A00C69CDC /* Info.plist */,
			);
			path = GitHubClientTests;
			sourceTree = "<group>";
		};
		DF938ED8262FF242003642C7 /* Models */ = {
			isa = PBXGroup;
			children = (
				DF938ED9262FF242003642C7 /* User.swift */,
				DF938EDA262FF242003642C7 /* Repo.swift */,
			);
			path = Models;
			sourceTree = "<group>";
		};
		DF938EE2262FF304003642C7 /* Mocks */ = {
			isa = PBXGroup;
			children = (
				DF938EE3262FF304003642C7 /* User+mock.swift */,
				DF938EE4262FF304003642C7 /* Repo+mock.swift */,
			);
			path = Mocks;
			sourceTree = "<group>";
		};
		DF938EE8262FF30F003642C7 /* Views */ = {
			isa = PBXGroup;
			children = (
				DF938EEA262FF30F003642C7 /* RepoListView.swift */,
				DF938EEB262FF30F003642C7 /* RepoDetailView.swift */,
				DF938EE9262FF30F003642C7 /* RepoRow.swift */,
			);
			path = Views;
			sourceTree = "<group>";
		};
		DF938EF5262FF439003642C7 /* Utilities */ = {
			isa = PBXGroup;
			children = (
				DF938EF6262FF439003642C7 /* Stateful.swift */,
			);
			path = Utilities;
			sourceTree = "<group>";
		};
		DFDE10B8262FF55700E709EA /* ViewModels */ = {
			isa = PBXGroup;
			children = (
				DFDE10B9262FF55700E709EA /* RepoListViewModel.swift */,
			);
			path = ViewModels;
			sourceTree = "<group>";
		};
		DFDE10C0262FF56E00E709EA /* APIClients */ = {
			isa = PBXGroup;
			children = (
				DFDE10C1262FF56E00E709EA /* RepoAPIClient.swift */,
			);
			path = APIClients;
			sourceTree = "<group>";
		};
/* End PBXGroup section */

/* Begin PBXNativeTarget section */
		DF1AB51F262F0FBC002A9028 /* GitHubClient */ = {
			isa = PBXNativeTarget;
			buildConfigurationList = DF1AB52F262F0FBF002A9028 /* Build configuration list for PBXNativeTarget "GitHubClient" */;
			buildPhases = (
				DF1AB51C262F0FBC002A9028 /* Sources */,
				DF1AB51D262F0FBC002A9028 /* Frameworks */,
				DF1AB51E262F0FBC002A9028 /* Resources */,
			);
			buildRules = (
			);
			dependencies = (
			);
			name = GitHubClient;
			productName = GitHubClient;
			productReference = DF1AB520262F0FBC002A9028 /* GitHubClient.app */;
			productType = "com.apple.product-type.application";
		};
		DF228A31262FF69A00C69CDC /* GitHubClientTests */ = {
			isa = PBXNativeTarget;
			buildConfigurationList = DF228A3B262FF69A00C69CDC /* Build configuration list for PBXNativeTarget "GitHubClientTests" */;
			buildPhases = (
				DF228A2E262FF69A00C69CDC /* Sources */,
				DF228A2F262FF69A00C69CDC /* Frameworks */,
				DF228A30262FF69A00C69CDC /* Resources */,
			);
			buildRules = (
			);
			dependencies = (
				DF228A38262FF69A00C69CDC /* PBXTargetDependency */,
			);
			name = GitHubClientTests;
			productName = GitHubClientTests;
			productReference = DF228A32262FF69A00C69CDC /* GitHubClientTests.xctest */;
			productType = "com.apple.product-type.bundle.unit-test";
		};
/* End PBXNativeTarget section */

/* Begin PBXProject section */
		DF1AB518262F0FBC002A9028 /* Project object */ = {
			isa = PBXProject;
			attributes = {
				LastSwiftUpdateCheck = 1240;
				LastUpgradeCheck = 1240;
				TargetAttributes = {
					DF1AB51F262F0FBC002A9028 = {
						CreatedOnToolsVersion = 12.4;
					};
					DF228A31262FF69A00C69CDC = {
						CreatedOnToolsVersion = 12.4;
						TestTargetID = DF1AB51F262F0FBC002A9028;
					};
				};
			};
			buildConfigurationList = DF1AB51B262F0FBC002A9028 /* Build configuration list for PBXProject "GitHubClient" */;
			compatibilityVersion = "Xcode 9.3";
			developmentRegion = en;
			hasScannedForEncodings = 0;
			knownRegions = (
				en,
				Base,
			);
			mainGroup = DF1AB517262F0FBC002A9028;
			productRefGroup = DF1AB521262F0FBC002A9028 /* Products */;
			projectDirPath = "";
			projectRoot = "";
			targets = (
				DF1AB51F262F0FBC002A9028 /* GitHubClient */,
				DF228A31262FF69A00C69CDC /* GitHubClientTests */,
			);
		};
/* End PBXProject section */

/* Begin PBXResourcesBuildPhase section */
		DF1AB51E262F0FBC002A9028 /* Resources */ = {
			isa = PBXResourcesBuildPhase;
			buildActionMask = 2147483647;
			files = (
				DF1AB52B262F0FBF002A9028 /* Preview Assets.xcassets in Resources */,
				DF1AB528262F0FBF002A9028 /* Assets.xcassets in Resources */,
			);
			runOnlyForDeploymentPostprocessing = 0;
		};
		DF228A30262FF69A00C69CDC /* Resources */ = {
			isa = PBXResourcesBuildPhase;
			buildActionMask = 2147483647;
			files = (
			);
			runOnlyForDeploymentPostprocessing = 0;
		};
/* End PBXResourcesBuildPhase section */

/* Begin PBXSourcesBuildPhase section */
		DF1AB51C262F0FBC002A9028 /* Sources */ = {
			isa = PBXSourcesBuildPhase;
			buildActionMask = 2147483647;
			files = (
				DF1AB524262F0FBC002A9028 /* GitHubClientApp.swift in Sources */,
				DF938EED262FF30F003642C7 /* RepoListView.swift in Sources */,
				DF938EDB262FF242003642C7 /* User.swift in Sources */,
				DF938EEE262FF30F003642C7 /* RepoDetailView.swift in Sources */,
				DF938EF7262FF439003642C7 /* Stateful.swift in Sources */,
				DF938EE5262FF304003642C7 /* User+mock.swift in Sources */,
				DF938EDC262FF242003642C7 /* Repo.swift in Sources */,
				DF938EEC262FF30F003642C7 /* RepoRow.swift in Sources */,
				DFDE10C2262FF56E00E709EA /* RepoAPIClient.swift in Sources */,
				DFDE10BA262FF55700E709EA /* RepoListViewModel.swift in Sources */,
				DF938EE6262FF304003642C7 /* Repo+mock.swift in Sources */,
			);
			runOnlyForDeploymentPostprocessing = 0;
		};
		DF228A2E262FF69A00C69CDC /* Sources */ = {
			isa = PBXSourcesBuildPhase;
			buildActionMask = 2147483647;
			files = (
				DF228A35262FF69A00C69CDC /* RepoListViewModelTests.swift in Sources */,
			);
			runOnlyForDeploymentPostprocessing = 0;
		};
/* End PBXSourcesBuildPhase section */

/* Begin PBXTargetDependency section */
		DF228A38262FF69A00C69CDC /* PBXTargetDependency */ = {
			isa = PBXTargetDependency;
			target = DF1AB51F262F0FBC002A9028 /* GitHubClient */;
			targetProxy = DF228A37262FF69A00C69CDC /* PBXContainerItemProxy */;
		};
/* End PBXTargetDependency section */

/* Begin XCBuildConfiguration section */
		DF1AB52D262F0FBF002A9028 /* Debug */ = {
			isa = XCBuildConfiguration;
			buildSettings = {
				ALWAYS_SEARCH_USER_PATHS = NO;
				CLANG_ANALYZER_NONNULL = YES;
				CLANG_ANALYZER_NUMBER_OBJECT_CONVERSION = YES_AGGRESSIVE;
				CLANG_CXX_LANGUAGE_STANDARD = "gnu++14";
				CLANG_CXX_LIBRARY = "libc++";
				CLANG_ENABLE_MODULES = YES;
				CLANG_ENABLE_OBJC_ARC = YES;
				CLANG_ENABLE_OBJC_WEAK = YES;
				CLANG_WARN_BLOCK_CAPTURE_AUTORELEASING = YES;
				CLANG_WARN_BOOL_CONVERSION = YES;
				CLANG_WARN_COMMA = YES;
				CLANG_WARN_CONSTANT_CONVERSION = YES;
				CLANG_WARN_DEPRECATED_OBJC_IMPLEMENTATIONS = YES;
				CLANG_WARN_DIRECT_OBJC_ISA_USAGE = YES_ERROR;
				CLANG_WARN_DOCUMENTATION_COMMENTS = YES;
				CLANG_WARN_EMPTY_BODY = YES;
				CLANG_WARN_ENUM_CONVERSION = YES;
				CLANG_WARN_INFINITE_RECURSION = YES;
				CLANG_WARN_INT_CONVERSION = YES;
				CLANG_WARN_NON_LITERAL_NULL_CONVERSION = YES;
				CLANG_WARN_OBJC_IMPLICIT_RETAIN_SELF = YES;
				CLANG_WARN_OBJC_LITERAL_CONVERSION = YES;
				CLANG_WARN_OBJC_ROOT_CLASS = YES_ERROR;
				CLANG_WARN_QUOTED_INCLUDE_IN_FRAMEWORK_HEADER = YES;
				CLANG_WARN_RANGE_LOOP_ANALYSIS = YES;
				CLANG_WARN_STRICT_PROTOTYPES = YES;
				CLANG_WARN_SUSPICIOUS_MOVE = YES;
				CLANG_WARN_UNGUARDED_AVAILABILITY = YES_AGGRESSIVE;
				CLANG_WARN_UNREACHABLE_CODE = YES;
				CLANG_WARN__DUPLICATE_METHOD_MATCH = YES;
				COPY_PHASE_STRIP = NO;
				DEBUG_INFORMATION_FORMAT = dwarf;
				ENABLE_STRICT_OBJC_MSGSEND = YES;
				ENABLE_TESTABILITY = YES;
				GCC_C_LANGUAGE_STANDARD = gnu11;
				GCC_DYNAMIC_NO_PIC = NO;
				GCC_NO_COMMON_BLOCKS = YES;
				GCC_OPTIMIZATION_LEVEL = 0;
				GCC_PREPROCESSOR_DEFINITIONS = (
					"DEBUG=1",
					"$(inherited)",
				);
				GCC_WARN_64_TO_32_BIT_CONVERSION = YES;
				GCC_WARN_ABOUT_RETURN_TYPE = YES_ERROR;
				GCC_WARN_UNDECLARED_SELECTOR = YES;
				GCC_WARN_UNINITIALIZED_AUTOS = YES_AGGRESSIVE;
				GCC_WARN_UNUSED_FUNCTION = YES;
				GCC_WARN_UNUSED_VARIABLE = YES;
				IPHONEOS_DEPLOYMENT_TARGET = 14.4;
				MTL_ENABLE_DEBUG_INFO = INCLUDE_SOURCE;
				MTL_FAST_MATH = YES;
				ONLY_ACTIVE_ARCH = YES;
				SDKROOT = iphoneos;
				SWIFT_ACTIVE_COMPILATION_CONDITIONS = DEBUG;
				SWIFT_OPTIMIZATION_LEVEL = "-Onone";
			};
			name = Debug;
		};
		DF1AB52E262F0FBF002A9028 /* Release */ = {
			isa = XCBuildConfiguration;
			buildSettings = {
				ALWAYS_SEARCH_USER_PATHS = NO;
				CLANG_ANALYZER_NONNULL = YES;
				CLANG_ANALYZER_NUMBER_OBJECT_CONVERSION = YES_AGGRESSIVE;
				CLANG_CXX_LANGUAGE_STANDARD = "gnu++14";
				CLANG_CXX_LIBRARY = "libc++";
				CLANG_ENABLE_MODULES = YES;
				CLANG_ENABLE_OBJC_ARC = YES;
				CLANG_ENABLE_OBJC_WEAK = YES;
				CLANG_WARN_BLOCK_CAPTURE_AUTORELEASING = YES;
				CLANG_WARN_BOOL_CONVERSION = YES;
				CLANG_WARN_COMMA = YES;
				CLANG_WARN_CONSTANT_CONVERSION = YES;
				CLANG_WARN_DEPRECATED_OBJC_IMPLEMENTATIONS = YES;
				CLANG_WARN_DIRECT_OBJC_ISA_USAGE = YES_ERROR;
				CLANG_WARN_DOCUMENTATION_COMMENTS = YES;
				CLANG_WARN_EMPTY_BODY = YES;
				CLANG_WARN_ENUM_CONVERSION = YES;
				CLANG_WARN_INFINITE_RECURSION = YES;
				CLANG_WARN_INT_CONVERSION = YES;
				CLANG_WARN_NON_LITERAL_NULL_CONVERSION = YES;
				CLANG_WARN_OBJC_IMPLICIT_RETAIN_SELF = YES;
				CLANG_WARN_OBJC_LITERAL_CONVERSION = YES;
				CLANG_WARN_OBJC_ROOT_CLASS = YES_ERROR;
				CLANG_WARN_QUOTED_INCLUDE_IN_FRAMEWORK_HEADER = YES;
				CLANG_WARN_RANGE_LOOP_ANALYSIS = YES;
				CLANG_WARN_STRICT_PROTOTYPES = YES;
				CLANG_WARN_SUSPICIOUS_MOVE = YES;
				CLANG_WARN_UNGUARDED_AVAILABILITY = YES_AGGRESSIVE;
				CLANG_WARN_UNREACHABLE_CODE = YES;
				CLANG_WARN__DUPLICATE_METHOD_MATCH = YES;
				COPY_PHASE_STRIP = NO;
				DEBUG_INFORMATION_FORMAT = "dwarf-with-dsym";
				ENABLE_NS_ASSERTIONS = NO;
				ENABLE_STRICT_OBJC_MSGSEND = YES;
				GCC_C_LANGUAGE_STANDARD = gnu11;
				GCC_NO_COMMON_BLOCKS = YES;
				GCC_WARN_64_TO_32_BIT_CONVERSION = YES;
				GCC_WARN_ABOUT_RETURN_TYPE = YES_ERROR;
				GCC_WARN_UNDECLARED_SELECTOR = YES;
				GCC_WARN_UNINITIALIZED_AUTOS = YES_AGGRESSIVE;
				GCC_WARN_UNUSED_FUNCTION = YES;
				GCC_WARN_UNUSED_VARIABLE = YES;
				IPHONEOS_DEPLOYMENT_TARGET = 14.4;
				MTL_ENABLE_DEBUG_INFO = NO;
				MTL_FAST_MATH = YES;
				SDKROOT = iphoneos;
				SWIFT_COMPILATION_MODE = wholemodule;
				SWIFT_OPTIMIZATION_LEVEL = "-O";
				VALIDATE_PRODUCT = YES;
			};
			name = Release;
		};
		DF1AB530262F0FBF002A9028 /* Debug */ = {
			isa = XCBuildConfiguration;
			buildSettings = {
				ASSETCATALOG_COMPILER_APPICON_NAME = AppIcon;
				ASSETCATALOG_COMPILER_GLOBAL_ACCENT_COLOR_NAME = AccentColor;
				CODE_SIGN_STYLE = Automatic;
				DEVELOPMENT_ASSET_PATHS = "\"GitHubClient/Preview Content\"";
				ENABLE_PREVIEWS = YES;
				INFOPLIST_FILE = GitHubClient/Info.plist;
				IPHONEOS_DEPLOYMENT_TARGET = 15.0;
				LD_RUNPATH_SEARCH_PATHS = (
					"$(inherited)",
					"@executable_path/Frameworks",
				);
				PRODUCT_BUNDLE_IDENTIFIER = jp.co.mixi.GitHubClient;
				PRODUCT_NAME = "$(TARGET_NAME)";
				SWIFT_VERSION = 5.0;
				TARGETED_DEVICE_FAMILY = "1,2";
			};
			name = Debug;
		};
		DF1AB531262F0FBF002A9028 /* Release */ = {
			isa = XCBuildConfiguration;
			buildSettings = {
				ASSETCATALOG_COMPILER_APPICON_NAME = AppIcon;
				ASSETCATALOG_COMPILER_GLOBAL_ACCENT_COLOR_NAME = AccentColor;
				CODE_SIGN_STYLE = Automatic;
				DEVELOPMENT_ASSET_PATHS = "\"GitHubClient/Preview Content\"";
				ENABLE_PREVIEWS = YES;
				INFOPLIST_FILE = GitHubClient/Info.plist;
				IPHONEOS_DEPLOYMENT_TARGET = 15.0;
				LD_RUNPATH_SEARCH_PATHS = (
					"$(inherited)",
					"@executable_path/Frameworks",
				);
				PRODUCT_BUNDLE_IDENTIFIER = jp.co.mixi.GitHubClient;
				PRODUCT_NAME = "$(TARGET_NAME)";
				SWIFT_VERSION = 5.0;
				TARGETED_DEVICE_FAMILY = "1,2";
			};
			name = Release;
		};
		DF228A39262FF69A00C69CDC /* Debug */ = {
			isa = XCBuildConfiguration;
			buildSettings = {
				BUNDLE_LOADER = "$(TEST_HOST)";
				CODE_SIGN_STYLE = Automatic;
				INFOPLIST_FILE = GitHubClientTests/Info.plist;
				IPHONEOS_DEPLOYMENT_TARGET = 15.0;
				LD_RUNPATH_SEARCH_PATHS = (
					"$(inherited)",
					"@executable_path/Frameworks",
					"@loader_path/Frameworks",
				);
				PRODUCT_BUNDLE_IDENTIFIER = jp.co.mixi.GitHubClientTests;
				PRODUCT_NAME = "$(TARGET_NAME)";
				SWIFT_VERSION = 5.0;
				TARGETED_DEVICE_FAMILY = "1,2";
				TEST_HOST = "$(BUILT_PRODUCTS_DIR)/GitHubClient.app/GitHubClient";
			};
			name = Debug;
		};
		DF228A3A262FF69A00C69CDC /* Release */ = {
			isa = XCBuildConfiguration;
			buildSettings = {
				BUNDLE_LOADER = "$(TEST_HOST)";
				CODE_SIGN_STYLE = Automatic;
				INFOPLIST_FILE = GitHubClientTests/Info.plist;
				IPHONEOS_DEPLOYMENT_TARGET = 15.0;
				LD_RUNPATH_SEARCH_PATHS = (
					"$(inherited)",
					"@executable_path/Frameworks",
					"@loader_path/Frameworks",
				);
				PRODUCT_BUNDLE_IDENTIFIER = jp.co.mixi.GitHubClientTests;
				PRODUCT_NAME = "$(TARGET_NAME)";
				SWIFT_VERSION = 5.0;
				TARGETED_DEVICE_FAMILY = "1,2";
				TEST_HOST = "$(BUILT_PRODUCTS_DIR)/GitHubClient.app/GitHubClient";
			};
			name = Release;
		};
/* End XCBuildConfiguration section */

/* Begin XCConfigurationList section */
		DF1AB51B262F0FBC002A9028 /* Build configuration list for PBXProject "GitHubClient" */ = {
			isa = XCConfigurationList;
			buildConfigurations = (
				DF1AB52D262F0FBF002A9028 /* Debug */,
				DF1AB52E262F0FBF002A9028 /* Release */,
			);
			defaultConfigurationIsVisible = 0;
			defaultConfigurationName = Release;
		};
		DF1AB52F262F0FBF002A9028 /* Build configuration list for PBXNativeTarget "GitHubClient" */ = {
			isa = XCConfigurationList;
			buildConfigurations = (
				DF1AB530262F0FBF002A9028 /* Debug */,
				DF1AB531262F0FBF002A9028 /* Release */,
			);
			defaultConfigurationIsVisible = 0;
			defaultConfigurationName = Release;
		};
		DF228A3B262FF69A00C69CDC /* Build configuration list for PBXNativeTarget "GitHubClientTests" */ = {
			isa = XCConfigurationList;
			buildConfigurations = (
				DF228A39262FF69A00C69CDC /* Debug */,
				DF228A3A262FF69A00C69CDC /* Release */,
			);
			defaultConfigurationIsVisible = 0;
			defaultConfigurationName = Release;
		};
/* End XCConfigurationList section */
	};
	rootObject = DF1AB518262F0FBC002A9028 /* Project object */;
}
